{
  "nodes": {
    "nixCats": {
      "locked": {
        "lastModified": 1759730664,
        "narHash": "sha256-boRlBQ/c4CaHsK/z04QL6+t81mcar37Io94HBX2GflY=",
        "owner": "BirdeeHub",
        "repo": "nixCats-nvim",
        "rev": "77dffad8235eb77684fcb7599487c8e9f23d5b8f",
        "type": "github"
      },
      "original": {
        "owner": "BirdeeHub",
        "repo": "nixCats-nvim",
        "type": "github"
      }
    },
    "nixpkgs": {
      "locked": {
        "lastModified": 1760965567,
        "narHash": "sha256-0JDOal5P7xzzAibvD0yTE3ptyvoVOAL0rcELmDdtSKg=",
        "owner": "nixos",
        "repo": "nixpkgs",
        "rev": "cb82756ecc37fa623f8cf3e88854f9bf7f64af93",
        "type": "github"
      },
      "original": {
        "owner": "nixos",
        "ref": "nixpkgs-unstable",
        "repo": "nixpkgs",
        "type": "github"
      }
    },
    "plugins-submode": {
      "flake": false,
      "locked": {
        "lastModified": 1736191083,
        "narHash": "sha256-RYf/gyz1Mo38rl/UjjR9vUBfOsxwS3TBDb/1hx7a3Tw=",
        "owner": "pogyomo",
        "repo": "submode.nvim",
        "rev": "cafc73f8626fd9e06dc91fd079817a0f1d7287bc",
        "type": "github"
      },
      "original": {
        "owner": "pogyomo",
        "repo": "submode.nvim",
        "type": "github"
      }
    },
    "plugins-winresizer": {
      "flake": false,
      "locked": {
        "lastModified": 1736192087,
        "narHash": "sha256-g+2JAzYiTOA2MuJ3eSdnTWObx96UAheFsslVvQgitFI=",
        "owner": "pogyomo",
        "repo": "winresize.nvim",
        "rev": "df7ac44154565b0bb91a8894ffe57c5a93689f10",
        "type": "github"
      },
      "original": {
        "owner": "pogyomo",
        "repo": "winresize.nvim",
        "type": "github"
      }
    },
    "root": {
      "inputs": {
        "nixCats": "nixCats",
        "nixpkgs": "nixpkgs",
        "plugins-submode": "plugins-submode",
        "plugins-winresizer": "plugins-winresizer"
      }
    }
  },
  "root": "root",
  "version": 7
}
