{
  "nodes": {
    "nixCats": {
      "locked": {
        "lastModified": 1761732732,
        "narHash": "sha256-AP3KzTaFXFLjWWXysSnVTXUaGuC3hkUQZSlxUdGsLSs=",
        "owner": "BirdeeHub",
        "repo": "nixCats-nvim",
        "rev": "6307455a6ccceadb9f873fc51d4cf7cd39bdace5",
        "type": "github"
      },
      "original": {
        "owner": "BirdeeHub",
        "repo": "nixCats-nvim",
        "type": "github"
      }
    },
    "nixpkgs": {
      "locked": {
        "lastModified": 1761656231,
        "narHash": "sha256-EiED5k6gXTWoAIS8yQqi5mAX6ojnzpHwAQTS3ykeYMg=",
        "owner": "nixos",
        "repo": "nixpkgs",
        "rev": "e99366c665bdd53b7b500ccdc5226675cfc51f45",
        "type": "github"
      },
      "original": {
        "owner": "nixos",
        "ref": "nixpkgs-unstable",
        "repo": "nixpkgs",
        "type": "github"
      }
    },
    "plugins-submode": {
      "flake": false,
      "locked": {
        "lastModified": 1736191083,
        "narHash": "sha256-RYf/gyz1Mo38rl/UjjR9vUBfOsxwS3TBDb/1hx7a3Tw=",
        "owner": "pogyomo",
        "repo": "submode.nvim",
        "rev": "cafc73f8626fd9e06dc91fd079817a0f1d7287bc",
        "type": "github"
      },
      "original": {
        "owner": "pogyomo",
        "repo": "submode.nvim",
        "type": "github"
      }
    },
    "plugins-winresize": {
      "flake": false,
      "locked": {
        "lastModified": 1736192087,
        "narHash": "sha256-g+2JAzYiTOA2MuJ3eSdnTWObx96UAheFsslVvQgitFI=",
        "owner": "pogyomo",
        "repo": "winresize.nvim",
        "rev": "df7ac44154565b0bb91a8894ffe57c5a93689f10",
        "type": "github"
      },
      "original": {
        "owner": "pogyomo",
        "repo": "winresize.nvim",
        "type": "github"
      }
    },
    "root": {
      "inputs": {
        "nixCats": "nixCats",
        "nixpkgs": "nixpkgs",
        "plugins-submode": "plugins-submode",
        "plugins-winresize": "plugins-winresize"
      }
    }
  },
  "root": "root",
  "version": 7
}
